
Microsoft Visual Studio Solution File, Format Version 12.00
# Visual Studio Version 17
VisualStudioVersion = 17.3.32819.101
MinimumVisualStudioVersion = 10.0.40219.1
Project("{FAE04EC0-301F-11D3-BF4B-00C04F79EFBC}") = "ProductsApiExtended", "ProductsApiExtended\ProductsApiExtended.csproj", "{EAF4742A-1AB7-4178-917A-B84249A4FAD4}"
EndProject
Global
	GlobalSection(SolutionConfigurationPlatforms) = preSolution
		Debug|Any CPU = Debug|Any CPU
		Release|Any CPU = Release|Any CPU
	EndGlobalSection
	GlobalSection(ProjectConfigurationPlatforms) = postSolution
		{EAF4742A-1AB7-4178-917A-B84249A4FAD4}.Debug|Any CPU.ActiveCfg = Debug|Any CPU
		{EAF4742A-1AB7-4178-917A-B84249A4FAD4}.Debug|Any CPU.Build.0 = Debug|Any CPU
		{EAF4742A-1AB7-4178-917A-B84249A4FAD4}.Release|Any CPU.ActiveCfg = Release|Any CPU
		{EAF4742A-1AB7-4178-917A-B84249A4FAD4}.Release|Any CPU.Build.0 = Release|Any CPU
	EndGlobalSection
	GlobalSection(SolutionProperties) = preSolution
		HideSolutionNode = FALSE
	EndGlobalSection
	GlobalSection(ExtensibilityGlobals) = postSolution
		SolutionGuid = {E54BC372-931E-4FF2-A6A5-733BEFAEA41E}
	EndGlobalSection
EndGlobal
